Microsoft Visual Studio Solution File, Format Version 11.00
# Visual Studio 2008

Project("{EFC3A1DD-3FD4-9627-066E-D7D7B2698F7D}") = "Monster-Tinder", "Assembly-CSharp.csproj", "{F85F60AE-63ED-3018-AD0E-69012B9C9277}"
EndProject
Global
	GlobalSection(SolutionConfigurationPlatforms) = preSolution
		Debug|Any CPU = Debug|Any CPU
		Release|Any CPU = Release|Any CPU
	EndGlobalSection
	GlobalSection(ProjectConfigurationPlatforms) = postSolution
		{F85F60AE-63ED-3018-AD0E-69012B9C9277}.Debug|Any CPU.ActiveCfg = Debug|Any CPU
		{F85F60AE-63ED-3018-AD0E-69012B9C9277}.Debug|Any CPU.Build.0 = Debug|Any CPU
		{F85F60AE-63ED-3018-AD0E-69012B9C9277}.Release|Any CPU.ActiveCfg = Release|Any CPU
		{F85F60AE-63ED-3018-AD0E-69012B9C9277}.Release|Any CPU.Build.0 = Release|Any CPU
	EndGlobalSection
	GlobalSection(SolutionProperties) = preSolution
		HideSolutionNode = FALSE
	EndGlobalSection
	GlobalSection(MonoDevelopProperties) = preSolution
		StartupItem = Assembly-CSharp.csproj
	EndGlobalSection
EndGlobal
